<?xml version="1.0" encoding="utf-8"?>
<Project ToolsVersion="4.0" xmlns="http://schemas.microsoft.com/developer/msbuild/2003">
  <ItemGroup>
    <ClCompile Include="GameEntry.cpp" />
    <ClCompile Include="stdafx.cpp" />
    <ClCompile Include="Components\AnimationComponent.cpp">
      <Filter>Components</Filter>
    </ClCompile>
    <ClCompile Include="Math\Aabb.cpp">
      <Filter>Math</Filter>
    </ClCompile>
    <ClCompile Include="Utility\AlphaEngineHelper.cpp">
      <Filter>Utility</Filter>
    </ClCompile>
    <ClCompile Include="Systems\AnimationSystem.cpp">
      <Filter>Systems</Filter>
    </ClCompile>
    <ClCompile Include="Systems\AudioSystem.cpp">
      <Filter>Systems</Filter>
    </ClCompile>
    <ClCompile Include="Systems\BackgroundSystem.cpp">
      <Filter>Systems</Filter>
    </ClCompile>
    <ClCompile Include="Systems\BuildingsSystem.cpp">
      <Filter>Systems</Filter>
    </ClCompile>
    <ClCompile Include="Components\CameraComponent.cpp">
      <Filter>Components</Filter>
    </ClCompile>
    <ClCompile Include="Math\CameraShake.cpp">
      <Filter>Math</Filter>
    </ClCompile>
    <ClCompile Include="Systems\CameraSystem.cpp">
      <Filter>Systems</Filter>
    </ClCompile>
    <ClCompile Include="Systems\CanvasUISystem.cpp">
      <Filter>Systems</Filter>
    </ClCompile>
    <ClCompile Include="Systems\CollisionSystem.cpp">
      <Filter>Systems</Filter>
    </ClCompile>
    <ClCompile Include="ECS\ComponentManager.cpp">
      <Filter>ECS</Filter>
    </ClCompile>
    <ClCompile Include="Systems\Menus\CreditsScreenSystem.cpp">
      <Filter>Systems\Menus</Filter>
    </ClCompile>
    <ClCompile Include="Utility\DebugPrintToScreen.cpp">
      <Filter>Utility</Filter>
    </ClCompile>
    <ClCompile Include="Components\DrawComponent.cpp">
      <Filter>Components</Filter>
    </ClCompile>
    <ClCompile Include="ECS\ECSystem.cpp">
      <Filter>ECS</Filter>
    </ClCompile>
    <ClCompile Include="ECS\EntityList.cpp">
      <Filter>ECS</Filter>
    </ClCompile>
    <ClCompile Include="ECS\EntityManager.cpp">
      <Filter>ECS</Filter>
    </ClCompile>
    <ClCompile Include="ECS\EventManager.cpp">
      <Filter>ECS</Filter>
    </ClCompile>
    <ClCompile Include="ECS\System.cpp">
      <Filter>ECS</Filter>
    </ClCompile>
    <ClCompile Include="Systems\GraphicsSystem.cpp">
      <Filter>Systems</Filter>
    </ClCompile>
    <ClCompile Include="Systems\InputSystem.cpp">
      <Filter>Systems</Filter>
    </ClCompile>
    <ClCompile Include="Systems\LevelLoaderSystem.cpp">
      <Filter>Systems</Filter>
    </ClCompile>
    <ClCompile Include="Systems\ParticleSystem.cpp">
      <Filter>Systems</Filter>
    </ClCompile>
    <ClCompile Include="Systems\PhysicsSystem.cpp">
      <Filter>Systems</Filter>
    </ClCompile>
    <ClCompile Include="Systems\ProjectileSystem.cpp">
      <Filter>Systems</Filter>
    </ClCompile>
    <ClCompile Include="Systems\PowerUpSystem.cpp">
      <Filter>Systems</Filter>
    </ClCompile>
    <ClCompile Include="Systems\Menus\WinScreenSystem.cpp">
      <Filter>Systems\Menus</Filter>
    </ClCompile>
    <ClCompile Include="Systems\Menus\SplashScreenSystem.cpp">
      <Filter>Systems\Menus</Filter>
    </ClCompile>
    <ClCompile Include="Systems\Menus\MainMenuSystem.cpp">
      <Filter>Systems\Menus</Filter>
    </ClCompile>
    <ClCompile Include="Systems\Menus\PauseMenuSystem.cpp">
      <Filter>Systems\Menus</Filter>
    </ClCompile>
    <ClCompile Include="Systems\Menus\HUDSystem.cpp">
      <Filter>Systems\Menus</Filter>
    </ClCompile>
    <ClCompile Include="Systems\Menus\HelpMenuSystem.cpp">
      <Filter>Systems\Menus</Filter>
    </ClCompile>
    <ClCompile Include="Components\TextRendererComponent.cpp">
      <Filter>Components</Filter>
    </ClCompile>
    <ClCompile Include="Components\TransformComponent.cpp">
      <Filter>Components</Filter>
    </ClCompile>
    <ClCompile Include="Components\PowerUpComponent.cpp">
      <Filter>Components</Filter>
    </ClCompile>
    <ClCompile Include="Components\ParticleSpawnerComponent.cpp">
      <Filter>Components</Filter>
    </ClCompile>
    <ClCompile Include="Components\ParticleComponent.cpp">
      <Filter>Components</Filter>
    </ClCompile>
    <ClCompile Include="Utility\GameStateManager.cpp">
      <Filter>Utility</Filter>
    </ClCompile>
    <ClCompile Include="Utility\Logger.cpp">
      <Filter>Utility</Filter>
    </ClCompile>
    <ClCompile Include="Systems\SnekSystem.cpp">
      <Filter>Systems</Filter>
    </ClCompile>
    <ClCompile Include="ECS\SystemManager.cpp">
      <Filter>ECS</Filter>
    </ClCompile>
    <ClCompile Include="Utility\MemoryAllocator.cpp">
      <Filter>Utility</Filter>
    </ClCompile>
    <ClCompile Include="Systems\TintSystem.cpp">
      <Filter>Systems</Filter>
    </ClCompile>
    <ClCompile Include="Systems\FollowSystem.cpp">
      <Filter>Systems</Filter>
    </ClCompile>
  </ItemGroup>
  <ItemGroup>
    <ClInclude Include="stdafx.h" />
    <ClInclude Include="Components\AnimationComponent.h">
      <Filter>Components</Filter>
    </ClInclude>
    <ClInclude Include="Math\Aabb.h">
      <Filter>Math</Filter>
    </ClInclude>
    <ClInclude Include="Utility\AlphaEngineHelper.h">
      <Filter>Utility</Filter>
    </ClInclude>
    <ClInclude Include="Systems\AnimationSystem.h">
      <Filter>Systems</Filter>
    </ClInclude>
    <ClInclude Include="Systems\AudioSystem.h">
      <Filter>Systems</Filter>
    </ClInclude>
    <ClInclude Include="Systems\BackgroundSystem.h">
      <Filter>Systems</Filter>
    </ClInclude>
    <ClInclude Include="Components\BloomComponent.h">
      <Filter>Components</Filter>
    </ClInclude>
    <ClInclude Include="Systems\BuildingsSystem.h">
      <Filter>Systems</Filter>
    </ClInclude>
    <ClInclude Include="Components\CameraComponent.h">
      <Filter>Components</Filter>
    </ClInclude>
    <ClInclude Include="Math\CameraShake.h">
      <Filter>Math</Filter>
    </ClInclude>
    <ClInclude Include="Systems\CameraSystem.h">
      <Filter>Systems</Filter>
    </ClInclude>
    <ClInclude Include="Components\CanvasComponent.h">
      <Filter>Components</Filter>
    </ClInclude>
    <ClInclude Include="Components\CollisionComponent.h">
      <Filter>Components</Filter>
    </ClInclude>
    <ClInclude Include="Systems\CanvasUISystem.h">
      <Filter>Systems</Filter>
    </ClInclude>
    <ClInclude Include="Systems\CollisionSystem.h">
      <Filter>Systems</Filter>
    </ClInclude>
    <ClInclude Include="ECS\Component.h">
      <Filter>ECS</Filter>
    </ClInclude>
    <ClInclude Include="ECS\ComponentList.h">
      <Filter>ECS</Filter>
    </ClInclude>
    <ClInclude Include="ECS\ComponentManager.h">
      <Filter>ECS</Filter>
    </ClInclude>
    <ClInclude Include="Systems\Menus\CreditsScreenSystem.h">
      <Filter>Systems\Menus</Filter>
    </ClInclude>
    <ClInclude Include="Utility\DebugPrintToScreen.h">
      <Filter>Utility</Filter>
    </ClInclude>
    <ClInclude Include="Components\DrawComponent.h">
      <Filter>Components</Filter>
    </ClInclude>
    <ClInclude Include="ECS\ECSystem.h">
      <Filter>ECS</Filter>
    </ClInclude>
    <ClInclude Include="ECS\Entity.h">
      <Filter>ECS</Filter>
    </ClInclude>
    <ClInclude Include="ECS\EntityList.h">
      <Filter>ECS</Filter>
    </ClInclude>
    <ClInclude Include="ECS\EntityManager.h">
      <Filter>ECS</Filter>
    </ClInclude>
    <ClInclude Include="ECS\EventListener.h">
      <Filter>ECS</Filter>
    </ClInclude>
    <ClInclude Include="ECS\EventManager.h">
      <Filter>ECS</Filter>
    </ClInclude>
    <ClInclude Include="ECS\System.h">
      <Filter>ECS</Filter>
    </ClInclude>
    <ClInclude Include="Utility\FileIO.h">
      <Filter>Utility</Filter>
    </ClInclude>
    <ClInclude Include="Components\FollowComponent.h">
      <Filter>Components</Filter>
    </ClInclude>
    <ClInclude Include="Systems\GraphicsSystem.h">
      <Filter>Systems</Filter>
    </ClInclude>
    <ClInclude Include="Systems\InputSystem.h">
      <Filter>Systems</Filter>
    </ClInclude>
    <ClInclude Include="Systems\LevelLoaderSystem.h">
      <Filter>Systems</Filter>
    </ClInclude>
    <ClInclude Include="Systems\ParticleSystem.h">
      <Filter>Systems</Filter>
    </ClInclude>
    <ClInclude Include="Systems\PhysicsSystem.h">
      <Filter>Systems</Filter>
    </ClInclude>
    <ClInclude Include="Systems\ProjectileSystem.h">
      <Filter>Systems</Filter>
    </ClInclude>
    <ClInclude Include="Systems\PowerUpSystem.h">
      <Filter>Systems</Filter>
    </ClInclude>
    <ClInclude Include="Systems\Menus\WinScreenSystem.h">
      <Filter>Systems\Menus</Filter>
    </ClInclude>
    <ClInclude Include="Systems\Menus\SplashScreenSystem.h">
      <Filter>Systems\Menus</Filter>
    </ClInclude>
    <ClInclude Include="Systems\Menus\MainMenuSystem.h">
      <Filter>Systems\Menus</Filter>
    </ClInclude>
    <ClInclude Include="Systems\Menus\PauseMenuSystem.h">
      <Filter>Systems\Menus</Filter>
    </ClInclude>
    <ClInclude Include="Systems\Menus\HUDSystem.h">
      <Filter>Systems\Menus</Filter>
    </ClInclude>
    <ClInclude Include="Systems\Menus\HelpMenuSystem.h">
      <Filter>Systems\Menus</Filter>
    </ClInclude>
    <ClInclude Include="Components\TransformComponent.h">
      <Filter>Components</Filter>
    </ClInclude>
    <ClInclude Include="Components\TextRendererComponent.h">
      <Filter>Components</Filter>
    </ClInclude>
    <ClInclude Include="Components\SnekHeadComponent.h">
      <Filter>Components</Filter>
    </ClInclude>
    <ClInclude Include="Components\PowerUpHolderComponent.h">
      <Filter>Components</Filter>
    </ClInclude>
    <ClInclude Include="Components\PowerUpComponent.h">
      <Filter>Components</Filter>
    </ClInclude>
    <ClInclude Include="Components\PhysicsComponent.h">
      <Filter>Components</Filter>
    </ClInclude>
    <ClInclude Include="Components\ParticleSpawnerComponent.h">
      <Filter>Components</Filter>
    </ClInclude>
    <ClInclude Include="Components\ParticleComponent.h">
      <Filter>Components</Filter>
    </ClInclude>
    <ClInclude Include="Components\InvulnerableComponent.h">
      <Filter>Components</Filter>
    </ClInclude>
    <ClInclude Include="Math\HTColor.h">
      <Filter>Math</Filter>
    </ClInclude>
    <ClInclude Include="Math\HTVector2.h">
      <Filter>Math</Filter>
    </ClInclude>
    <ClInclude Include="Utility\GameStateManager.h">
      <Filter>Utility</Filter>
    </ClInclude>
    <ClInclude Include="Utility\Logger.h">
      <Filter>Utility</Filter>
    </ClInclude>
    <ClInclude Include="Utility\MemoryAllocator.h">
      <Filter>Utility</Filter>
    </ClInclude>
    <ClInclude Include="Utility\misc.h">
      <Filter>Math</Filter>
    </ClInclude>
    <ClInclude Include="Utility\RTTIHelper.h">
      <Filter>Utility</Filter>
    </ClInclude>
    <ClInclude Include="Systems\SnekSystem.h">
      <Filter>Systems</Filter>
    </ClInclude>
    <ClInclude Include="Components\TintComponent.h">
      <Filter>Components</Filter>
    </ClInclude>
    <ClInclude Include="Systems\TintSystem.h">
      <Filter>Systems</Filter>
    </ClInclude>
    <ClInclude Include="Systems\FollowSystem.h">
      <Filter>Systems</Filter>
    </ClInclude>
  </ItemGroup>
</Project>